
Microsoft Visual Studio Solution File, Format Version 12.00
# Visual Studio Version 17
VisualStudioVersion = 17.13.35806.99
MinimumVisualStudioVersion = 10.0.40219.1
Project("{FAE04EC0-301F-11D3-BF4B-00C04F79EFBC}") = "API", "API\API.csproj", "{737BE730-C5DD-4E1A-A50B-D9159632513E}"
EndProject
Project("{FAE04EC0-301F-11D3-BF4B-00C04F79EFBC}") = "Core", "Logic\Core.csproj", "{06EC6651-0BF5-47DB-B238-B214A96CA2A9}"
EndProject
Project("{FAE04EC0-301F-11D3-BF4B-00C04F79EFBC}") = "DAL", "DAL\DAL.csproj", "{ECD2AC23-A2E6-4098-9C33-9676F420350E}"
EndProject
Project("{FAE04EC0-301F-11D3-BF4B-00C04F79EFBC}") = "ArticleSummaryBackend.DAL.Tests", "ArticleSummaryBackend.DAL.Tests\ArticleSummaryBackend.DAL.Tests.csproj", "{A3635D94-A03E-4964-A7B0-59CBFAF741C6}"
EndProject
Project("{E53339B2-1760-4266-BCC7-CA923CBCF16C}") = "docker-compose", "docker-compose.dcproj", "{81DDED9D-158B-E303-5F62-77A2896D2A5A}"
EndProject
Project("{FAE04EC0-301F-11D3-BF4B-00C04F79EFBC}") = "ArticleSummaryBackend.Core.Tests", "..\ArticleSummaryBackend.Core.Tests\ArticleSummaryBackend.Core.Tests.csproj", "{BB884038-3476-414C-8D0E-9A69FEDA58EC}"
EndProject
Global
	GlobalSection(SolutionConfigurationPlatforms) = preSolution
		Debug|Any CPU = Debug|Any CPU
		Release|Any CPU = Release|Any CPU
	EndGlobalSection
	GlobalSection(ProjectConfigurationPlatforms) = postSolution
		{737BE730-C5DD-4E1A-A50B-D9159632513E}.Debug|Any CPU.ActiveCfg = Debug|Any CPU
		{737BE730-C5DD-4E1A-A50B-D9159632513E}.Debug|Any CPU.Build.0 = Debug|Any CPU
		{737BE730-C5DD-4E1A-A50B-D9159632513E}.Release|Any CPU.ActiveCfg = Release|Any CPU
		{737BE730-C5DD-4E1A-A50B-D9159632513E}.Release|Any CPU.Build.0 = Release|Any CPU
		{06EC6651-0BF5-47DB-B238-B214A96CA2A9}.Debug|Any CPU.ActiveCfg = Debug|Any CPU
		{06EC6651-0BF5-47DB-B238-B214A96CA2A9}.Debug|Any CPU.Build.0 = Debug|Any CPU
		{06EC6651-0BF5-47DB-B238-B214A96CA2A9}.Release|Any CPU.ActiveCfg = Release|Any CPU
		{06EC6651-0BF5-47DB-B238-B214A96CA2A9}.Release|Any CPU.Build.0 = Release|Any CPU
		{ECD2AC23-A2E6-4098-9C33-9676F420350E}.Debug|Any CPU.ActiveCfg = Debug|Any CPU
		{ECD2AC23-A2E6-4098-9C33-9676F420350E}.Debug|Any CPU.Build.0 = Debug|Any CPU
		{ECD2AC23-A2E6-4098-9C33-9676F420350E}.Release|Any CPU.ActiveCfg = Release|Any CPU
		{ECD2AC23-A2E6-4098-9C33-9676F420350E}.Release|Any CPU.Build.0 = Release|Any CPU
		{A3635D94-A03E-4964-A7B0-59CBFAF741C6}.Debug|Any CPU.ActiveCfg = Debug|Any CPU
		{A3635D94-A03E-4964-A7B0-59CBFAF741C6}.Debug|Any CPU.Build.0 = Debug|Any CPU
		{A3635D94-A03E-4964-A7B0-59CBFAF741C6}.Release|Any CPU.ActiveCfg = Release|Any CPU
		{A3635D94-A03E-4964-A7B0-59CBFAF741C6}.Release|Any CPU.Build.0 = Release|Any CPU
		{81DDED9D-158B-E303-5F62-77A2896D2A5A}.Debug|Any CPU.ActiveCfg = Debug|Any CPU
		{81DDED9D-158B-E303-5F62-77A2896D2A5A}.Debug|Any CPU.Build.0 = Debug|Any CPU
		{81DDED9D-158B-E303-5F62-77A2896D2A5A}.Release|Any CPU.ActiveCfg = Release|Any CPU
		{81DDED9D-158B-E303-5F62-77A2896D2A5A}.Release|Any CPU.Build.0 = Release|Any CPU
		{BB884038-3476-414C-8D0E-9A69FEDA58EC}.Debug|Any CPU.ActiveCfg = Debug|Any CPU
		{BB884038-3476-414C-8D0E-9A69FEDA58EC}.Debug|Any CPU.Build.0 = Debug|Any CPU
		{BB884038-3476-414C-8D0E-9A69FEDA58EC}.Release|Any CPU.ActiveCfg = Release|Any CPU
		{BB884038-3476-414C-8D0E-9A69FEDA58EC}.Release|Any CPU.Build.0 = Release|Any CPU
	EndGlobalSection
	GlobalSection(SolutionProperties) = preSolution
		HideSolutionNode = FALSE
	EndGlobalSection
	GlobalSection(ExtensibilityGlobals) = postSolution
		SolutionGuid = {2FB1429D-048C-4558-BC38-90D64399846C}
	EndGlobalSection
EndGlobal
